# This file was autogenerated by Stack.
# You should not edit this file by hand.
# For more information, please see the documentation at:
#   https://docs.haskellstack.org/en/stable/lock_files

packages:
- completed:
    commit: f9eb010ed267357ae0e23d7ddf98186ef2ff5034
    git: https://github.com/AccelerateHS/accelerate
    name: accelerate
    pantry-tree:
      sha256: 0b37acb18c372110cab9f433826a27b53412f16765ac1f0ef043239847399271
      size: 56140
    version: 1.3.0.0
  original:
    commit: f9eb010ed267357ae0e23d7ddf98186ef2ff5034
    git: https://github.com/AccelerateHS/accelerate
- completed:
    commit: 2b5d69448557e89002c0179ea1aaf59bb757a6e3
    git: https://github.com/AccelerateHS/accelerate-llvm
    name: accelerate-llvm
    pantry-tree:
      sha256: edd4e8ed6a7d1496f9e27f4020a5ae0080bbaf231ed35541aa164ac822dbd575
      size: 5825
    subdir: accelerate-llvm
    version: 1.3.0.0
  original:
    commit: 2b5d69448557e89002c0179ea1aaf59bb757a6e3
    git: https://github.com/AccelerateHS/accelerate-llvm
    subdir: accelerate-llvm
- completed:
    commit: 2b5d69448557e89002c0179ea1aaf59bb757a6e3
    git: https://github.com/AccelerateHS/accelerate-llvm
    name: accelerate-llvm-ptx
    pantry-tree:
      sha256: f7def292ebad403b5abad95c211cab318d1c9588ffc355d21aff6866a11c9291
      size: 4967
    subdir: accelerate-llvm-ptx
    version: 1.3.0.0
  original:
    commit: 2b5d69448557e89002c0179ea1aaf59bb757a6e3
    git: https://github.com/AccelerateHS/accelerate-llvm
    subdir: accelerate-llvm-ptx
- completed:
    commit: 2b5d69448557e89002c0179ea1aaf59bb757a6e3
    git: https://github.com/AccelerateHS/accelerate-llvm
    name: accelerate-llvm-native
    pantry-tree:
      sha256: 1d34df34b1e5801bd2ef2ea31951c0ba7f249ccf311623bccb4cab95f1094740
      size: 4849
    subdir: accelerate-llvm-native
    version: 1.3.0.0
  original:
    commit: 2b5d69448557e89002c0179ea1aaf59bb757a6e3
    git: https://github.com/AccelerateHS/accelerate-llvm
    subdir: accelerate-llvm-native
- completed:
    name: llvm-hs
    pantry-tree:
      sha256: 21f74a6f51fae6c0a0fcf3e6620a59f341289ac743998b41ed3276fd1b7d8862
      size: 12716
    sha256: 2c1b676496382a33e430f17429112fc6f4ebc34bea5be966a6b290af4040513b
    size: 9802201
    subdir: llvm-hs
    url: https://github.com/llvm-hs/llvm-hs/archive/e4b3cfa47e72f094ab109884f18acfc666b0fb7d.tar.gz
    version: 15.0.0
  original:
    subdir: llvm-hs
    url: https://github.com/llvm-hs/llvm-hs/archive/e4b3cfa47e72f094ab109884f18acfc666b0fb7d.tar.gz
- completed:
    name: llvm-hs-pure
    pantry-tree:
      sha256: b512f9e5f8f2b3e3a06bad2fa5ff053a83d817798c7efcd47e254e68c842169d
      size: 2712
    sha256: 2c1b676496382a33e430f17429112fc6f4ebc34bea5be966a6b290af4040513b
    size: 9802201
    subdir: llvm-hs-pure
    url: https://github.com/llvm-hs/llvm-hs/archive/e4b3cfa47e72f094ab109884f18acfc666b0fb7d.tar.gz
    version: 15.0.0
  original:
    subdir: llvm-hs-pure
    url: https://github.com/llvm-hs/llvm-hs/archive/e4b3cfa47e72f094ab109884f18acfc666b0fb7d.tar.gz
- completed:
    commit: 0786f269067096838932a1312e33d4be9f2f675d
    git: https://github.com/tmcdonell/cuda
    name: cuda
    pantry-tree:
      sha256: 1a7728a8c16b041175014372b5d55f63088513fcdeee21f20cfd9591fd7b6c1e
      size: 11136
    version: 0.11.0.1
  original:
    commit: 0786f269067096838932a1312e33d4be9f2f675d
    git: https://github.com/tmcdonell/cuda
- completed:
    commit: f74133eda02a06da2e86cf709d4f4f63ccbb47c9
    git: https://github.com/tmcdonell/nvvm
    name: nvvm
    pantry-tree:
      sha256: 4e0ec9ea38f8445266e714cafb1bfb0078306119c7486dbc1aa06e3546dd100a
      size: 2294
    version: 0.10.0.1
  original:
    commit: f74133eda02a06da2e86cf709d4f4f63ccbb47c9
    git: https://github.com/tmcdonell/nvvm
- completed:
    commit: 816334c381c56b8f5cdc1117a1dcd5a672958d58
    git: https://github.com/hasktorch/hasktorch
    name: hasktorch
    pantry-tree:
      sha256: 4137fc1afc4b9c20128155762186e78f84d879dab2b4c925e81aaf05b2021ca9
      size: 8479
    subdir: hasktorch
    version: 0.2.0.0
  original:
    commit: 816334c381c56b8f5cdc1117a1dcd5a672958d58
    git: https://github.com/hasktorch/hasktorch
    subdir: hasktorch
- completed:
    commit: 816334c381c56b8f5cdc1117a1dcd5a672958d58
    git: https://github.com/hasktorch/hasktorch
    name: libtorch-ffi
    pantry-tree:
      sha256: 31eee186d64ba89cacc0bb75ffd43a681a01345b6753928f82a74631d0cf07f0
      size: 9513
    subdir: libtorch-ffi
    version: 2.0.0.0
  original:
    commit: 816334c381c56b8f5cdc1117a1dcd5a672958d58
    git: https://github.com/hasktorch/hasktorch
    subdir: libtorch-ffi
- completed:
    commit: 816334c381c56b8f5cdc1117a1dcd5a672958d58
    git: https://github.com/hasktorch/hasktorch
    name: libtorch-ffi-helper
    pantry-tree:
      sha256: 70dba330b77a5b96e44e6a90c13ca7f42cefb47bbc432fa9bb9f19773604f18f
      size: 214
    subdir: libtorch-ffi-helper
    version: 2.0.0.0
  original:
    commit: 816334c381c56b8f5cdc1117a1dcd5a672958d58
    git: https://github.com/hasktorch/hasktorch
    subdir: libtorch-ffi-helper
- completed:
    commit: ef87fbae38ed9f646b912f94606d895d0582f1b4
    git: https://github.com/fpco/inline-c
    name: inline-c
    pantry-tree:
      sha256: 76d3f9598653850382463b56418b7c205e97d8bccb7b52d2aed550712a2cb688
      size: 1309
    subdir: inline-c
    version: 0.9.1.10
  original:
    commit: ef87fbae38ed9f646b912f94606d895d0582f1b4
    git: https://github.com/fpco/inline-c
    subdir: inline-c
- completed:
    commit: ef87fbae38ed9f646b912f94606d895d0582f1b4
    git: https://github.com/fpco/inline-c
    name: inline-c-cpp
    pantry-tree:
      sha256: 660003c7e249bb727b238a5eadec113fd8c190be7e9ac6f104a93924712edbc1
      size: 1081
    subdir: inline-c-cpp
    version: 0.5.0.2
  original:
    commit: ef87fbae38ed9f646b912f94606d895d0582f1b4
    git: https://github.com/fpco/inline-c
    subdir: inline-c-cpp
snapshots:
- completed:
    sha256: 23bb9bb355bfdb1635252e120a29b712f0d5e8a6c6a65c5ab5bd6692f46c438e
    size: 640457
    url: https://raw.githubusercontent.com/commercialhaskell/stackage-snapshots/master/lts/21/7.yaml
  original: lts-21.7
